
Microsoft Visual Studio Solution File, Format Version 12.00
# Visual Studio 15
Project("{FAE04EC0-301F-11D3-BF4B-00C04F79EFBC}") = "Assembly-CSharp-Editor", "Assembly-CSharp-Editor.csproj", "{082E3B37-F500-9318-689A-A0F01757F3CA}"
EndProject
Project("{FAE04EC0-301F-11D3-BF4B-00C04F79EFBC}") = "AdaptiveFramerate", "AdaptiveFramerate.csproj", "{D1605133-6057-B528-C972-C427E176C0E4}"
EndProject
Project("{FAE04EC0-301F-11D3-BF4B-00C04F79EFBC}") = "Assembly-CSharp", "Assembly-CSharp.csproj", "{5D2A2092-DDFD-4C27-17B7-171DEDC78AF3}"
EndProject
Global
	GlobalSection(SolutionConfigurationPlatforms) = preSolution
		Debug|Any CPU = Debug|Any CPU
		Release|Any CPU = Release|Any CPU
	EndGlobalSection
	GlobalSection(ProjectConfigurationPlatforms) = postSolution
		{082E3B37-F500-9318-689A-A0F01757F3CA}.Debug|Any CPU.ActiveCfg = Debug|Any CPU
		{082E3B37-F500-9318-689A-A0F01757F3CA}.Debug|Any CPU.Build.0 = Debug|Any CPU
		{082E3B37-F500-9318-689A-A0F01757F3CA}.Release|Any CPU.ActiveCfg = Release|Any CPU
		{082E3B37-F500-9318-689A-A0F01757F3CA}.Release|Any CPU.Build.0 = Release|Any CPU
		{D1605133-6057-B528-C972-C427E176C0E4}.Debug|Any CPU.ActiveCfg = Debug|Any CPU
		{D1605133-6057-B528-C972-C427E176C0E4}.Debug|Any CPU.Build.0 = Debug|Any CPU
		{D1605133-6057-B528-C972-C427E176C0E4}.Release|Any CPU.ActiveCfg = Release|Any CPU
		{D1605133-6057-B528-C972-C427E176C0E4}.Release|Any CPU.Build.0 = Release|Any CPU
		{5D2A2092-DDFD-4C27-17B7-171DEDC78AF3}.Debug|Any CPU.ActiveCfg = Debug|Any CPU
		{5D2A2092-DDFD-4C27-17B7-171DEDC78AF3}.Debug|Any CPU.Build.0 = Debug|Any CPU
		{5D2A2092-DDFD-4C27-17B7-171DEDC78AF3}.Release|Any CPU.ActiveCfg = Release|Any CPU
		{5D2A2092-DDFD-4C27-17B7-171DEDC78AF3}.Release|Any CPU.Build.0 = Release|Any CPU
	EndGlobalSection
	GlobalSection(SolutionProperties) = preSolution
		HideSolutionNode = FALSE
	EndGlobalSection
EndGlobal
